
Microsoft Visual Studio Solution File, Format Version 12.00
# Visual Studio Version 16
VisualStudioVersion = 16.0.29709.97
MinimumVisualStudioVersion = 10.0.40219.1
Project("{9A19103F-16F7-4668-BE54-9A1E7A4F7556}") = "api.pandemiclocator.io", "api.pandemiclocator.io\api.pandemiclocator.io.csproj", "{E6E6E8FD-11B9-4E16-8CA1-8E9F30F3D45C}"
EndProject
Project("{2150E333-8FDC-42A3-9474-1A3956D46DE8}") = "libs", "libs", "{5A44D8C2-8D7F-4CF7-A6D7-66AD40A942B6}"
EndProject
Project("{2150E333-8FDC-42A3-9474-1A3956D46DE8}") = "libs_abstractions", "libs_abstractions", "{D1085C32-A91F-4037-AFD4-3CFA920CB743}"
EndProject
Project("{9A19103F-16F7-4668-BE54-9A1E7A4F7556}") = "pandemiclocator.io.cache", "pandemiclocator.io.cache\pandemiclocator.io.cache.csproj", "{D4352374-3407-4EC5-8FDA-200B416E6F02}"
EndProject
Project("{9A19103F-16F7-4668-BE54-9A1E7A4F7556}") = "pandemiclocator.io.database", "pandemiclocator.io.database\pandemiclocator.io.database.csproj", "{5255BEDE-699F-43C3-BA2D-70F6D4AF1331}"
EndProject
Project("{9A19103F-16F7-4668-BE54-9A1E7A4F7556}") = "pandemiclocator.io.environment", "pandemiclocator.io.environment\pandemiclocator.io.environment.csproj", "{1C82B28F-D459-4C86-B7A0-CAF4E7D955FC}"
EndProject
Project("{9A19103F-16F7-4668-BE54-9A1E7A4F7556}") = "pandemiclocator.io.queue", "pandemiclocator.io.queue\pandemiclocator.io.queue.csproj", "{D03FDD7A-B65C-4395-837F-841848CC9729}"
EndProject
Project("{9A19103F-16F7-4668-BE54-9A1E7A4F7556}") = "pandemiclocator.io.cache.abstractions", "pandemiclocator.io.cache.abstractions\pandemiclocator.io.cache.abstractions.csproj", "{EDDC7365-D91B-40A9-9DDB-D455518A2C3E}"
EndProject
Project("{9A19103F-16F7-4668-BE54-9A1E7A4F7556}") = "pandemiclocator.io.database.abstractions", "pandemiclocator.io.database.abstractions\pandemiclocator.io.database.abstractions.csproj", "{65996AE6-D44C-44B2-B466-8219C8B9AA95}"
EndProject
Project("{9A19103F-16F7-4668-BE54-9A1E7A4F7556}") = "pandemiclocator.io.environment.abstractions", "pandemiclocator.io.environment.abstractions\pandemiclocator.io.environment.abstractions.csproj", "{46DEF9BF-2C17-4472-80F9-056177CDB8A5}"
EndProject
Project("{9A19103F-16F7-4668-BE54-9A1E7A4F7556}") = "pandemiclocator.io.queue.abstractions", "pandemiclocator.io.queue.abstractions\pandemiclocator.io.queue.abstractions.csproj", "{2BB133D5-32BC-4AC6-B207-1117843E4845}"
EndProject
Project("{2150E333-8FDC-42A3-9474-1A3956D46DE8}") = "_servers", "_servers", "{BB7C4DC8-F848-43CF-8F4B-5AD2610437EC}"
EndProject
Project("{9A19103F-16F7-4668-BE54-9A1E7A4F7556}") = "pandemiclocator.io.model.abstractions", "pandemiclocator.io.model.abstractions\pandemiclocator.io.model.abstractions.csproj", "{9B93B4AE-0FDE-45DE-B748-B2485A54FA5D}"
EndProject
Project("{9A19103F-16F7-4668-BE54-9A1E7A4F7556}") = "pandemiclocator.io.services.abstractions", "pandemiclocator.io.services.abstractions\pandemiclocator.io.services.abstractions.csproj", "{93B439E7-49C4-4CC5-8BDB-50B807471985}"
EndProject
Project("{9A19103F-16F7-4668-BE54-9A1E7A4F7556}") = "pandemiclocator.io.services", "pandemiclocator.io.services\pandemiclocator.io.services.csproj", "{C69E1FD8-74DC-456D-B8D7-51CD58722C7B}"
EndProject
Global
	GlobalSection(SolutionConfigurationPlatforms) = preSolution
		Debug|Any CPU = Debug|Any CPU
		Release|Any CPU = Release|Any CPU
	EndGlobalSection
	GlobalSection(ProjectConfigurationPlatforms) = postSolution
		{E6E6E8FD-11B9-4E16-8CA1-8E9F30F3D45C}.Debug|Any CPU.ActiveCfg = Debug|Any CPU
		{E6E6E8FD-11B9-4E16-8CA1-8E9F30F3D45C}.Debug|Any CPU.Build.0 = Debug|Any CPU
		{E6E6E8FD-11B9-4E16-8CA1-8E9F30F3D45C}.Release|Any CPU.ActiveCfg = Release|Any CPU
		{E6E6E8FD-11B9-4E16-8CA1-8E9F30F3D45C}.Release|Any CPU.Build.0 = Release|Any CPU
		{D4352374-3407-4EC5-8FDA-200B416E6F02}.Debug|Any CPU.ActiveCfg = Debug|Any CPU
		{D4352374-3407-4EC5-8FDA-200B416E6F02}.Debug|Any CPU.Build.0 = Debug|Any CPU
		{D4352374-3407-4EC5-8FDA-200B416E6F02}.Release|Any CPU.ActiveCfg = Release|Any CPU
		{D4352374-3407-4EC5-8FDA-200B416E6F02}.Release|Any CPU.Build.0 = Release|Any CPU
		{5255BEDE-699F-43C3-BA2D-70F6D4AF1331}.Debug|Any CPU.ActiveCfg = Debug|Any CPU
		{5255BEDE-699F-43C3-BA2D-70F6D4AF1331}.Debug|Any CPU.Build.0 = Debug|Any CPU
		{5255BEDE-699F-43C3-BA2D-70F6D4AF1331}.Release|Any CPU.ActiveCfg = Release|Any CPU
		{5255BEDE-699F-43C3-BA2D-70F6D4AF1331}.Release|Any CPU.Build.0 = Release|Any CPU
		{1C82B28F-D459-4C86-B7A0-CAF4E7D955FC}.Debug|Any CPU.ActiveCfg = Debug|Any CPU
		{1C82B28F-D459-4C86-B7A0-CAF4E7D955FC}.Debug|Any CPU.Build.0 = Debug|Any CPU
		{1C82B28F-D459-4C86-B7A0-CAF4E7D955FC}.Release|Any CPU.ActiveCfg = Release|Any CPU
		{1C82B28F-D459-4C86-B7A0-CAF4E7D955FC}.Release|Any CPU.Build.0 = Release|Any CPU
		{D03FDD7A-B65C-4395-837F-841848CC9729}.Debug|Any CPU.ActiveCfg = Debug|Any CPU
		{D03FDD7A-B65C-4395-837F-841848CC9729}.Debug|Any CPU.Build.0 = Debug|Any CPU
		{D03FDD7A-B65C-4395-837F-841848CC9729}.Release|Any CPU.ActiveCfg = Release|Any CPU
		{D03FDD7A-B65C-4395-837F-841848CC9729}.Release|Any CPU.Build.0 = Release|Any CPU
		{EDDC7365-D91B-40A9-9DDB-D455518A2C3E}.Debug|Any CPU.ActiveCfg = Debug|Any CPU
		{EDDC7365-D91B-40A9-9DDB-D455518A2C3E}.Debug|Any CPU.Build.0 = Debug|Any CPU
		{EDDC7365-D91B-40A9-9DDB-D455518A2C3E}.Release|Any CPU.ActiveCfg = Release|Any CPU
		{EDDC7365-D91B-40A9-9DDB-D455518A2C3E}.Release|Any CPU.Build.0 = Release|Any CPU
		{65996AE6-D44C-44B2-B466-8219C8B9AA95}.Debug|Any CPU.ActiveCfg = Debug|Any CPU
		{65996AE6-D44C-44B2-B466-8219C8B9AA95}.Debug|Any CPU.Build.0 = Debug|Any CPU
		{65996AE6-D44C-44B2-B466-8219C8B9AA95}.Release|Any CPU.ActiveCfg = Release|Any CPU
		{65996AE6-D44C-44B2-B466-8219C8B9AA95}.Release|Any CPU.Build.0 = Release|Any CPU
		{46DEF9BF-2C17-4472-80F9-056177CDB8A5}.Debug|Any CPU.ActiveCfg = Debug|Any CPU
		{46DEF9BF-2C17-4472-80F9-056177CDB8A5}.Debug|Any CPU.Build.0 = Debug|Any CPU
		{46DEF9BF-2C17-4472-80F9-056177CDB8A5}.Release|Any CPU.ActiveCfg = Release|Any CPU
		{46DEF9BF-2C17-4472-80F9-056177CDB8A5}.Release|Any CPU.Build.0 = Release|Any CPU
		{2BB133D5-32BC-4AC6-B207-1117843E4845}.Debug|Any CPU.ActiveCfg = Debug|Any CPU
		{2BB133D5-32BC-4AC6-B207-1117843E4845}.Debug|Any CPU.Build.0 = Debug|Any CPU
		{2BB133D5-32BC-4AC6-B207-1117843E4845}.Release|Any CPU.ActiveCfg = Release|Any CPU
		{2BB133D5-32BC-4AC6-B207-1117843E4845}.Release|Any CPU.Build.0 = Release|Any CPU
		{9B93B4AE-0FDE-45DE-B748-B2485A54FA5D}.Debug|Any CPU.ActiveCfg = Debug|Any CPU
		{9B93B4AE-0FDE-45DE-B748-B2485A54FA5D}.Debug|Any CPU.Build.0 = Debug|Any CPU
		{9B93B4AE-0FDE-45DE-B748-B2485A54FA5D}.Release|Any CPU.ActiveCfg = Release|Any CPU
		{9B93B4AE-0FDE-45DE-B748-B2485A54FA5D}.Release|Any CPU.Build.0 = Release|Any CPU
		{93B439E7-49C4-4CC5-8BDB-50B807471985}.Debug|Any CPU.ActiveCfg = Debug|Any CPU
		{93B439E7-49C4-4CC5-8BDB-50B807471985}.Debug|Any CPU.Build.0 = Debug|Any CPU
		{93B439E7-49C4-4CC5-8BDB-50B807471985}.Release|Any CPU.ActiveCfg = Release|Any CPU
		{93B439E7-49C4-4CC5-8BDB-50B807471985}.Release|Any CPU.Build.0 = Release|Any CPU
		{C69E1FD8-74DC-456D-B8D7-51CD58722C7B}.Debug|Any CPU.ActiveCfg = Debug|Any CPU
		{C69E1FD8-74DC-456D-B8D7-51CD58722C7B}.Debug|Any CPU.Build.0 = Debug|Any CPU
		{C69E1FD8-74DC-456D-B8D7-51CD58722C7B}.Release|Any CPU.ActiveCfg = Release|Any CPU
		{C69E1FD8-74DC-456D-B8D7-51CD58722C7B}.Release|Any CPU.Build.0 = Release|Any CPU
	EndGlobalSection
	GlobalSection(SolutionProperties) = preSolution
		HideSolutionNode = FALSE
	EndGlobalSection
	GlobalSection(NestedProjects) = preSolution
		{E6E6E8FD-11B9-4E16-8CA1-8E9F30F3D45C} = {BB7C4DC8-F848-43CF-8F4B-5AD2610437EC}
		{D4352374-3407-4EC5-8FDA-200B416E6F02} = {5A44D8C2-8D7F-4CF7-A6D7-66AD40A942B6}
		{5255BEDE-699F-43C3-BA2D-70F6D4AF1331} = {5A44D8C2-8D7F-4CF7-A6D7-66AD40A942B6}
		{1C82B28F-D459-4C86-B7A0-CAF4E7D955FC} = {5A44D8C2-8D7F-4CF7-A6D7-66AD40A942B6}
		{D03FDD7A-B65C-4395-837F-841848CC9729} = {5A44D8C2-8D7F-4CF7-A6D7-66AD40A942B6}
		{EDDC7365-D91B-40A9-9DDB-D455518A2C3E} = {D1085C32-A91F-4037-AFD4-3CFA920CB743}
		{65996AE6-D44C-44B2-B466-8219C8B9AA95} = {D1085C32-A91F-4037-AFD4-3CFA920CB743}
		{46DEF9BF-2C17-4472-80F9-056177CDB8A5} = {D1085C32-A91F-4037-AFD4-3CFA920CB743}
		{2BB133D5-32BC-4AC6-B207-1117843E4845} = {D1085C32-A91F-4037-AFD4-3CFA920CB743}
		{9B93B4AE-0FDE-45DE-B748-B2485A54FA5D} = {D1085C32-A91F-4037-AFD4-3CFA920CB743}
		{93B439E7-49C4-4CC5-8BDB-50B807471985} = {D1085C32-A91F-4037-AFD4-3CFA920CB743}
		{C69E1FD8-74DC-456D-B8D7-51CD58722C7B} = {5A44D8C2-8D7F-4CF7-A6D7-66AD40A942B6}
	EndGlobalSection
	GlobalSection(ExtensibilityGlobals) = postSolution
		SolutionGuid = {0E95176E-B11E-4E18-BF71-40A0AA625943}
	EndGlobalSection
EndGlobal
